{
  "nodes": {
    "nixpkgs": {
      "locked": {
        "lastModified": 1723982128,
        "narHash": "sha256-9nFBs2sf1rlLGRSzlVVVHSE9VooZrYbNr3gtIFgYZJ8=",
        "owner": "nixos",
        "repo": "nixpkgs",
        "rev": "38fb99e12ff992a05641086dba26d1a5849929d1",
        "type": "github"
      },
      "original": {
        "owner": "nixos",
        "ref": "release-24.05",
        "repo": "nixpkgs",
        "type": "github"
      }
    },
    "root": {
      "inputs": {
        "nixpkgs": "nixpkgs",
        "rust-overlay": "rust-overlay"
      }
    },
    "rust-overlay": {
      "inputs": {
        "nixpkgs": [
          "nixpkgs"
        ]
      },
      "locked": {
        "lastModified": 1723947704,
        "narHash": "sha256-TcVf66N2NgGhxORFytzgqWcg0XJ+kk8uNLNsTRI5sYM=",
        "owner": "oxalica",
        "repo": "rust-overlay",
        "rev": "456e78a55feade2c3bc6d7bc0bf5e710c9d86120",
        "type": "github"
      },
      "original": {
        "owner": "oxalica",
        "repo": "rust-overlay",
        "type": "github"
      }
    }
  },
  "root": "root",
  "version": 7
}
